
Microsoft Visual Studio Solution File, Format Version 12.00
# Visual Studio Version 16
VisualStudioVersion = 16.0.32802.440
MinimumVisualStudioVersion = 10.0.40219.1
Project("{FAE04EC0-301F-11D3-BF4B-00C04F79EFBC}") = "Day-9", "book\Day-9.csproj", "{DA9C41B7-A64E-4C5C-81D9-A7FDAF8006CA}"
EndProject
Global
	GlobalSection(SolutionConfigurationPlatforms) = preSolution
		Debug|Any CPU = Debug|Any CPU
		Release|Any CPU = Release|Any CPU
	EndGlobalSection
	GlobalSection(ProjectConfigurationPlatforms) = postSolution
		{DA9C41B7-A64E-4C5C-81D9-A7FDAF8006CA}.Debug|Any CPU.ActiveCfg = Debug|Any CPU
		{DA9C41B7-A64E-4C5C-81D9-A7FDAF8006CA}.Debug|Any CPU.Build.0 = Debug|Any CPU
		{DA9C41B7-A64E-4C5C-81D9-A7FDAF8006CA}.Release|Any CPU.ActiveCfg = Release|Any CPU
		{DA9C41B7-A64E-4C5C-81D9-A7FDAF8006CA}.Release|Any CPU.Build.0 = Release|Any CPU
	EndGlobalSection
	GlobalSection(SolutionProperties) = preSolution
		HideSolutionNode = FALSE
	EndGlobalSection
	GlobalSection(ExtensibilityGlobals) = postSolution
		SolutionGuid = {0D833BDF-F412-434B-8556-13A497BB1B87}
	EndGlobalSection
EndGlobal
