
Microsoft Visual Studio Solution File, Format Version 12.00
# Visual Studio Version 16
VisualStudioVersion = 16.0.32901.82
MinimumVisualStudioVersion = 10.0.40219.1
Project("{FAE04EC0-301F-11D3-BF4B-00C04F79EFBC}") = "ConnectwithDB1", "ConnectwithDB1.csproj", "{DAAB8CFC-5DC7-4C5B-B6EF-14F39F97C377}"
EndProject
Global
	GlobalSection(SolutionConfigurationPlatforms) = preSolution
		Debug|Any CPU = Debug|Any CPU
		Release|Any CPU = Release|Any CPU
	EndGlobalSection
	GlobalSection(ProjectConfigurationPlatforms) = postSolution
		{DAAB8CFC-5DC7-4C5B-B6EF-14F39F97C377}.Debug|Any CPU.ActiveCfg = Debug|Any CPU
		{DAAB8CFC-5DC7-4C5B-B6EF-14F39F97C377}.Debug|Any CPU.Build.0 = Debug|Any CPU
		{DAAB8CFC-5DC7-4C5B-B6EF-14F39F97C377}.Release|Any CPU.ActiveCfg = Release|Any CPU
		{DAAB8CFC-5DC7-4C5B-B6EF-14F39F97C377}.Release|Any CPU.Build.0 = Release|Any CPU
	EndGlobalSection
	GlobalSection(SolutionProperties) = preSolution
		HideSolutionNode = FALSE
	EndGlobalSection
	GlobalSection(ExtensibilityGlobals) = postSolution
		SolutionGuid = {3061E098-5F18-439E-A591-5FF702F82095}
	EndGlobalSection
EndGlobal
