
Microsoft Visual Studio Solution File, Format Version 12.00
# Visual Studio Version 16
VisualStudioVersion = 16.0.32802.440
MinimumVisualStudioVersion = 10.0.40219.1
Project("{FAE04EC0-301F-11D3-BF4B-00C04F79EFBC}") = "day-10", "day-10\day-10.csproj", "{F1A5A374-6E29-437E-B18A-1468D576863E}"
EndProject
Global
	GlobalSection(SolutionConfigurationPlatforms) = preSolution
		Debug|Any CPU = Debug|Any CPU
		Release|Any CPU = Release|Any CPU
	EndGlobalSection
	GlobalSection(ProjectConfigurationPlatforms) = postSolution
		{F1A5A374-6E29-437E-B18A-1468D576863E}.Debug|Any CPU.ActiveCfg = Debug|Any CPU
		{F1A5A374-6E29-437E-B18A-1468D576863E}.Debug|Any CPU.Build.0 = Debug|Any CPU
		{F1A5A374-6E29-437E-B18A-1468D576863E}.Release|Any CPU.ActiveCfg = Release|Any CPU
		{F1A5A374-6E29-437E-B18A-1468D576863E}.Release|Any CPU.Build.0 = Release|Any CPU
	EndGlobalSection
	GlobalSection(SolutionProperties) = preSolution
		HideSolutionNode = FALSE
	EndGlobalSection
	GlobalSection(ExtensibilityGlobals) = postSolution
		SolutionGuid = {A769FFC7-BAFD-45A0-A289-0D3CEF4B1381}
	EndGlobalSection
EndGlobal
