
Microsoft Visual Studio Solution File, Format Version 12.00
# Visual Studio Version 17
VisualStudioVersion = 17.3.32929.385
MinimumVisualStudioVersion = 10.0.40219.1
Project("{FAE04EC0-301F-11D3-BF4B-00C04F79EFBC}") = "queueSender", "queueSender\queueSender.csproj", "{AA773B5C-79C6-4DF9-B14D-73E552E4EDB0}"
EndProject
Project("{FAE04EC0-301F-11D3-BF4B-00C04F79EFBC}") = "queueReciever", "queueReciever\queueReciever.csproj", "{989A1FD2-D0BF-4E67-AF85-5045C0CA61F8}"
EndProject
Global
	GlobalSection(SolutionConfigurationPlatforms) = preSolution
		Debug|Any CPU = Debug|Any CPU
		Release|Any CPU = Release|Any CPU
	EndGlobalSection
	GlobalSection(ProjectConfigurationPlatforms) = postSolution
		{AA773B5C-79C6-4DF9-B14D-73E552E4EDB0}.Debug|Any CPU.ActiveCfg = Debug|Any CPU
		{AA773B5C-79C6-4DF9-B14D-73E552E4EDB0}.Debug|Any CPU.Build.0 = Debug|Any CPU
		{AA773B5C-79C6-4DF9-B14D-73E552E4EDB0}.Release|Any CPU.ActiveCfg = Release|Any CPU
		{AA773B5C-79C6-4DF9-B14D-73E552E4EDB0}.Release|Any CPU.Build.0 = Release|Any CPU
		{989A1FD2-D0BF-4E67-AF85-5045C0CA61F8}.Debug|Any CPU.ActiveCfg = Debug|Any CPU
		{989A1FD2-D0BF-4E67-AF85-5045C0CA61F8}.Debug|Any CPU.Build.0 = Debug|Any CPU
		{989A1FD2-D0BF-4E67-AF85-5045C0CA61F8}.Release|Any CPU.ActiveCfg = Release|Any CPU
		{989A1FD2-D0BF-4E67-AF85-5045C0CA61F8}.Release|Any CPU.Build.0 = Release|Any CPU
	EndGlobalSection
	GlobalSection(SolutionProperties) = preSolution
		HideSolutionNode = FALSE
	EndGlobalSection
	GlobalSection(ExtensibilityGlobals) = postSolution
		SolutionGuid = {C6A2BA70-5DA4-48B9-8899-30B73155F85B}
	EndGlobalSection
EndGlobal
